// !$*UTF8*$!
{
	archiveVersion = 1;
	classes = {
	};
	objectVersion = 48;
	objects = {

/* Begin PBXBuildFile section */
		34328864221E718A006FB93C /* AppDelegate.swift in Sources */ = {isa = PBXBuildFile; fileRef = 34328863221E718A006FB93C /* AppDelegate.swift */; };
		34328866221E718A006FB93C /* FirstViewController.swift in Sources */ = {isa = PBXBuildFile; fileRef = 34328865221E718A006FB93C /* FirstViewController.swift */; };
		34328868221E718A006FB93C /* SecondViewController.swift in Sources */ = {isa = PBXBuildFile; fileRef = 34328867221E718A006FB93C /* SecondViewController.swift */; };
		3432886B221E718A006FB93C /* Main.storyboard in Resources */ = {isa = PBXBuildFile; fileRef = 34328869221E718A006FB93C /* Main.storyboard */; };
		3432886D221E718A006FB93C /* Assets.xcassets in Resources */ = {isa = PBXBuildFile; fileRef = 3432886C221E718A006FB93C /* Assets.xcassets */; };
		34328870221E718A006FB93C /* LaunchScreen.storyboard in Resources */ = {isa = PBXBuildFile; fileRef = 3432886E221E718A006FB93C /* LaunchScreen.storyboard */; };
/* End PBXBuildFile section */

/* Begin PBXFileReference section */
		34328860221E718A006FB93C /* SISAppTabbed.app */ = {isa = PBXFileReference; explicitFileType = wrapper.application; includeInIndex = 0; path = SISAppTabbed.app; sourceTree = BUILT_PRODUCTS_DIR; };
		34328863221E718A006FB93C /* AppDelegate.swift */ = {isa = PBXFileReference; lastKnownFileType = sourcecode.swift; path = AppDelegate.swift; sourceTree = "<group>"; };
		34328865221E718A006FB93C /* FirstViewController.swift */ = {isa = PBXFileReference; lastKnownFileType = sourcecode.swift; path = FirstViewController.swift; sourceTree = "<group>"; };
		34328867221E718A006FB93C /* SecondViewController.swift */ = {isa = PBXFileReference; lastKnownFileType = sourcecode.swift; path = SecondViewController.swift; sourceTree = "<group>"; };
		3432886A221E718A006FB93C /* Base */ = {isa = PBXFileReference; lastKnownFileType = file.storyboard; name = Base; path = Base.lproj/Main.storyboard; sourceTree = "<group>"; };
		3432886C221E718A006FB93C /* Assets.xcassets */ = {isa = PBXFileReference; lastKnownFileType = folder.assetcatalog; path = Assets.xcassets; sourceTree = "<group>"; };
		3432886F221E718A006FB93C /* Base */ = {isa = PBXFileReference; lastKnownFileType = file.storyboard; name = Base; path = Base.lproj/LaunchScreen.storyboard; sourceTree = "<group>"; };
		34328871221E718A006FB93C /* Info.plist */ = {isa = PBXFileReference; lastKnownFileType = text.plist.xml; path = Info.plist; sourceTree = "<group>"; };
/* End PBXFileReference section */

/* Begin PBXFrameworksBuildPhase section */
		3432885D221E718A006FB93C /* Frameworks */ = {
			isa = PBXFrameworksBuildPhase;
			buildActionMask = 2147483647;
			files = (
			);
			runOnlyForDeploymentPostprocessing = 0;
		};
/* End PBXFrameworksBuildPhase section */

/* Begin PBXGroup section */
		34328857221E718A006FB93C = {
			isa = PBXGroup;
			children = (
				34328862221E718A006FB93C /* SISAppTabbed */,
				34328861221E718A006FB93C /* Products */,
			);
			sourceTree = "<group>";
		};
		34328861221E718A006FB93C /* Products */ = {
			isa = PBXGroup;
			children = (
				34328860221E718A006FB93C /* SISAppTabbed.app */,
			);
			name = Products;
			sourceTree = "<group>";
		};
		34328862221E718A006FB93C /* SISAppTabbed */ = {
			isa = PBXGroup;
			children = (
				34328863221E718A006FB93C /* AppDelegate.swift */,
				34328865221E718A006FB93C /* FirstViewController.swift */,
				34328867221E718A006FB93C /* SecondViewController.swift */,
				34328869221E718A006FB93C /* Main.storyboard */,
				3432886C221E718A006FB93C /* Assets.xcassets */,
				3432886E221E718A006FB93C /* LaunchScreen.storyboard */,
				34328871221E718A006FB93C /* Info.plist */,
			);
			path = SISAppTabbed;
			sourceTree = "<group>";
		};
/* End PBXGroup section */

/* Begin PBXNativeTarget section */
		3432885F221E718A006FB93C /* SISAppTabbed */ = {
			isa = PBXNativeTarget;
			buildConfigurationList = 34328874221E718A006FB93C /* Build configuration list for PBXNativeTarget "SISAppTabbed" */;
			buildPhases = (
				3432885C221E718A006FB93C /* Sources */,
				3432885D221E718A006FB93C /* Frameworks */,
				3432885E221E718A006FB93C /* Resources */,
			);
			buildRules = (
			);
			dependencies = (
			);
			name = SISAppTabbed;
			productName = SISAppTabbed;
			productReference = 34328860221E718A006FB93C /* SISAppTabbed.app */;
			productType = "com.apple.product-type.application";
		};
/* End PBXNativeTarget section */

/* Begin PBXProject section */
		34328858221E718A006FB93C /* Project object */ = {
			isa = PBXProject;
			attributes = {
				LastSwiftUpdateCheck = 0920;
				LastUpgradeCheck = 0920;
				ORGANIZATIONNAME = "Anthony Gomes";
				TargetAttributes = {
					3432885F221E718A006FB93C = {
						CreatedOnToolsVersion = 9.2;
						ProvisioningStyle = Automatic;
					};
				};
			};
			buildConfigurationList = 3432885B221E718A006FB93C /* Build configuration list for PBXProject "SISAppTabbed" */;
			compatibilityVersion = "Xcode 8.0";
			developmentRegion = en;
			hasScannedForEncodings = 0;
			knownRegions = (
				en,
				Base,
			);
			mainGroup = 34328857221E718A006FB93C;
			productRefGroup = 34328861221E718A006FB93C /* Products */;
			projectDirPath = "";
			projectRoot = "";
			targets = (
				3432885F221E718A006FB93C /* SISAppTabbed */,
			);
		};
/* End PBXProject section */

/* Begin PBXResourcesBuildPhase section */
		3432885E221E718A006FB93C /* Resources */ = {
			isa = PBXResourcesBuildPhase;
			buildActionMask = 2147483647;
			files = (
				34328870221E718A006FB93C /* LaunchScreen.storyboard in Resources */,
				3432886D221E718A006FB93C /* Assets.xcassets in Resources */,
				3432886B221E718A006FB93C /* Main.storyboard in Resources */,
			);
			runOnlyForDeploymentPostprocessing = 0;
		};
/* End PBXResourcesBuildPhase section */

/* Begin PBXSourcesBuildPhase section */
		3432885C221E718A006FB93C /* Sources */ = {
			isa = PBXSourcesBuildPhase;
			buildActionMask = 2147483647;
			files = (
				34328868221E718A006FB93C /* SecondViewController.swift in Sources */,
				34328864221E718A006FB93C /* AppDelegate.swift in Sources */,
				34328866221E718A006FB93C /* FirstViewController.swift in Sources */,
			);
			runOnlyForDeploymentPostprocessing = 0;
		};
/* End PBXSourcesBuildPhase section */

/* Begin PBXVariantGroup section */
		34328869221E718A006FB93C /* Main.storyboard */ = {
			isa = PBXVariantGroup;
			children = (
				3432886A221E718A006FB93C /* Base */,
			);
			name = Main.storyboard;
			sourceTree = "<group>";
		};
		3432886E221E718A006FB93C /* LaunchScreen.storyboard */ = {
			isa = PBXVariantGroup;
			children = (
				3432886F221E718A006FB93C /* Base */,
			);
			name = LaunchScreen.storyboard;
			sourceTree = "<group>";
		};
/* End PBXVariantGroup section */

/* Begin XCBuildConfiguration section */
		34328872221E718A006FB93C /* Debug */ = {
			isa = XCBuildConfiguration;
			buildSettings = {
				ALWAYS_SEARCH_USER_PATHS = NO;
				CLANG_ANALYZER_NONNULL = YES;
				CLANG_ANALYZER_NUMBER_OBJECT_CONVERSION = YES_AGGRESSIVE;
				CLANG_CXX_LANGUAGE_STANDARD = "gnu++14";
				CLANG_CXX_LIBRARY = "libc++";
				CLANG_ENABLE_MODULES = YES;
				CLANG_ENABLE_OBJC_ARC = YES;
				CLANG_WARN_BLOCK_CAPTURE_AUTORELEASING = YES;
				CLANG_WARN_BOOL_CONVERSION = YES;
				CLANG_WARN_COMMA = YES;
				CLANG_WARN_CONSTANT_CONVERSION = YES;
				CLANG_WARN_DIRECT_OBJC_ISA_USAGE = YES_ERROR;
				CLANG_WARN_DOCUMENTATION_COMMENTS = YES;
				CLANG_WARN_EMPTY_BODY = YES;
				CLANG_WARN_ENUM_CONVERSION = YES;
				CLANG_WARN_INFINITE_RECURSION = YES;
				CLANG_WARN_INT_CONVERSION = YES;
				CLANG_WARN_NON_LITERAL_NULL_CONVERSION = YES;
				CLANG_WARN_OBJC_LITERAL_CONVERSION = YES;
				CLANG_WARN_OBJC_ROOT_CLASS = YES_ERROR;
				CLANG_WARN_RANGE_LOOP_ANALYSIS = YES;
				CLANG_WARN_STRICT_PROTOTYPES = YES;
				CLANG_WARN_SUSPICIOUS_MOVE = YES;
				CLANG_WARN_UNGUARDED_AVAILABILITY = YES_AGGRESSIVE;
				CLANG_WARN_UNREACHABLE_CODE = YES;
				CLANG_WARN__DUPLICATE_METHOD_MATCH = YES;
				CODE_SIGN_IDENTITY = "iPhone Developer";
				COPY_PHASE_STRIP = NO;
				DEBUG_INFORMATION_FORMAT = dwarf;
				ENABLE_STRICT_OBJC_MSGSEND = YES;
				ENABLE_TESTABILITY = YES;
				GCC_C_LANGUAGE_STANDARD = gnu11;
				GCC_DYNAMIC_NO_PIC = NO;
				GCC_NO_COMMON_BLOCKS = YES;
				GCC_OPTIMIZATION_LEVEL = 0;
				GCC_PREPROCESSOR_DEFINITIONS = (
					"DEBUG=1",
					"$(inherited)",
				);
				GCC_WARN_64_TO_32_BIT_CONVERSION = YES;
				GCC_WARN_ABOUT_RETURN_TYPE = YES_ERROR;
				GCC_WARN_UNDECLARED_SELECTOR = YES;
				GCC_WARN_UNINITIALIZED_AUTOS = YES_AGGRESSIVE;
				GCC_WARN_UNUSED_FUNCTION = YES;
				GCC_WARN_UNUSED_VARIABLE = YES;
				IPHONEOS_DEPLOYMENT_TARGET = 11.2;
				MTL_ENABLE_DEBUG_INFO = YES;
				ONLY_ACTIVE_ARCH = YES;
				SDKROOT = iphoneos;
				SWIFT_ACTIVE_COMPILATION_CONDITIONS = DEBUG;
				SWIFT_OPTIMIZATION_LEVEL = "-Onone";
			};
			name = Debug;
		};
		34328873221E718A006FB93C /* Release */ = {
			isa = XCBuildConfiguration;
			buildSettings = {
				ALWAYS_SEARCH_USER_PATHS = NO;
				CLANG_ANALYZER_NONNULL = YES;
				CLANG_ANALYZER_NUMBER_OBJECT_CONVERSION = YES_AGGRESSIVE;
				CLANG_CXX_LANGUAGE_STANDARD = "gnu++14";
				CLANG_CXX_LIBRARY = "libc++";
				CLANG_ENABLE_MODULES = YES;
				CLANG_ENABLE_OBJC_ARC = YES;
				CLANG_WARN_BLOCK_CAPTURE_AUTORELEASING = YES;
				CLANG_WARN_BOOL_CONVERSION = YES;
				CLANG_WARN_COMMA = YES;
				CLANG_WARN_CONSTANT_CONVERSION = YES;
				CLANG_WARN_DIRECT_OBJC_ISA_USAGE = YES_ERROR;
				CLANG_WARN_DOCUMENTATION_COMMENTS = YES;
				CLANG_WARN_EMPTY_BODY = YES;
				CLANG_WARN_ENUM_CONVERSION = YES;
				CLANG_WARN_INFINITE_RECURSION = YES;
				CLANG_WARN_INT_CONVERSION = YES;
				CLANG_WARN_NON_LITERAL_NULL_CONVERSION = YES;
				CLANG_WARN_OBJC_LITERAL_CONVERSION = YES;
				CLANG_WARN_OBJC_ROOT_CLASS = YES_ERROR;
				CLANG_WARN_RANGE_LOOP_ANALYSIS = YES;
				CLANG_WARN_STRICT_PROTOTYPES = YES;
				CLANG_WARN_SUSPICIOUS_MOVE = YES;
				CLANG_WARN_UNGUARDED_AVAILABILITY = YES_AGGRESSIVE;
				CLANG_WARN_UNREACHABLE_CODE = YES;
				CLANG_WARN__DUPLICATE_METHOD_MATCH = YES;
				CODE_SIGN_IDENTITY = "iPhone Developer";
				COPY_PHASE_STRIP = NO;
				DEBUG_INFORMATION_FORMAT = "dwarf-with-dsym";
				ENABLE_NS_ASSERTIONS = NO;
				ENABLE_STRICT_OBJC_MSGSEND = YES;
				GCC_C_LANGUAGE_STANDARD = gnu11;
				GCC_NO_COMMON_BLOCKS = YES;
				GCC_WARN_64_TO_32_BIT_CONVERSION = YES;
				GCC_WARN_ABOUT_RETURN_TYPE = YES_ERROR;
				GCC_WARN_UNDECLARED_SELECTOR = YES;
				GCC_WARN_UNINITIALIZED_AUTOS = YES_AGGRESSIVE;
				GCC_WARN_UNUSED_FUNCTION = YES;
				GCC_WARN_UNUSED_VARIABLE = YES;
				IPHONEOS_DEPLOYMENT_TARGET = 11.2;
				MTL_ENABLE_DEBUG_INFO = NO;
				SDKROOT = iphoneos;
				SWIFT_OPTIMIZATION_LEVEL = "-Owholemodule";
				VALIDATE_PRODUCT = YES;
			};
			name = Release;
		};
		34328875221E718A006FB93C /* Debug */ = {
			isa = XCBuildConfiguration;
			buildSettings = {
				ASSETCATALOG_COMPILER_APPICON_NAME = AppIcon;
				CODE_SIGN_STYLE = Automatic;
				DEVELOPMENT_TEAM = FU7J6Y6MMA;
				INFOPLIST_FILE = SISAppTabbed/Info.plist;
				LD_RUNPATH_SEARCH_PATHS = "$(inherited) @executable_path/Frameworks";
				PRODUCT_BUNDLE_IDENTIFIER = AnthonyGomes.SISApp;
				PRODUCT_NAME = "$(TARGET_NAME)";
				SWIFT_VERSION = 4.0;
				TARGETED_DEVICE_FAMILY = 1;
			};
			name = Debug;
		};
		34328876221E718A006FB93C /* Release */ = {
			isa = XCBuildConfiguration;
			buildSettings = {
				ASSETCATALOG_COMPILER_APPICON_NAME = AppIcon;
				CODE_SIGN_STYLE = Automatic;
				DEVELOPMENT_TEAM = FU7J6Y6MMA;
				INFOPLIST_FILE = SISAppTabbed/Info.plist;
				LD_RUNPATH_SEARCH_PATHS = "$(inherited) @executable_path/Frameworks";
				PRODUCT_BUNDLE_IDENTIFIER = AnthonyGomes.SISApp;
				PRODUCT_NAME = "$(TARGET_NAME)";
				SWIFT_VERSION = 4.0;
				TARGETED_DEVICE_FAMILY = 1;
			};
			name = Release;
		};
/* End XCBuildConfiguration section */

/* Begin XCConfigurationList section */
		3432885B221E718A006FB93C /* Build configuration list for PBXProject "SISAppTabbed" */ = {
			isa = XCConfigurationList;
			buildConfigurations = (
				34328872221E718A006FB93C /* Debug */,
				34328873221E718A006FB93C /* Release */,
			);
			defaultConfigurationIsVisible = 0;
			defaultConfigurationName = Release;
		};
		34328874221E718A006FB93C /* Build configuration list for PBXNativeTarget "SISAppTabbed" */ = {
			isa = XCConfigurationList;
			buildConfigurations = (
				34328875221E718A006FB93C /* Debug */,
				34328876221E718A006FB93C /* Release */,
			);
			defaultConfigurationIsVisible = 0;
			defaultConfigurationName = Release;
		};
/* End XCConfigurationList section */
	};
	rootObject = 34328858221E718A006FB93C /* Project object */;
}
